
Microsoft Visual Studio Solution File, Format Version 12.00
# Visual Studio Version 17
VisualStudioVersion = 17.0.31903.59
MinimumVisualStudioVersion = 10.0.40219.1
Project("{9A19103F-16F7-4668-BE54-9A1E7A4F7556}") = "Airfare.Domain", "Airfare.Domain\Airfare.Domain.csproj", "{424846DC-22EE-42FF-A00F-4A21032A25FA}"
EndProject
Project("{9A19103F-16F7-4668-BE54-9A1E7A4F7556}") = "Airfare.Data", "Airfare.Data\Airfare.Data.csproj", "{D6EEE820-DF22-461F-9891-238AE8484EF1}"
EndProject
Project("{9A19103F-16F7-4668-BE54-9A1E7A4F7556}") = "Airfare.API", "Airfare.API\Airfare.API.csproj", "{7FED3761-31F5-45CB-8D11-822621A7AC92}"
EndProject
Project("{9A19103F-16F7-4668-BE54-9A1E7A4F7556}") = "Airfare.Service", "Service\Airfare.Service.csproj", "{90025E45-A209-4641-B6B0-0E3F0A866DC7}"
EndProject
Global
	GlobalSection(SolutionConfigurationPlatforms) = preSolution
		Debug|Any CPU = Debug|Any CPU
		Release|Any CPU = Release|Any CPU
	EndGlobalSection
	GlobalSection(ProjectConfigurationPlatforms) = postSolution
		{424846DC-22EE-42FF-A00F-4A21032A25FA}.Debug|Any CPU.ActiveCfg = Debug|Any CPU
		{424846DC-22EE-42FF-A00F-4A21032A25FA}.Debug|Any CPU.Build.0 = Debug|Any CPU
		{424846DC-22EE-42FF-A00F-4A21032A25FA}.Release|Any CPU.ActiveCfg = Release|Any CPU
		{424846DC-22EE-42FF-A00F-4A21032A25FA}.Release|Any CPU.Build.0 = Release|Any CPU
		{D6EEE820-DF22-461F-9891-238AE8484EF1}.Debug|Any CPU.ActiveCfg = Debug|Any CPU
		{D6EEE820-DF22-461F-9891-238AE8484EF1}.Debug|Any CPU.Build.0 = Debug|Any CPU
		{D6EEE820-DF22-461F-9891-238AE8484EF1}.Release|Any CPU.ActiveCfg = Release|Any CPU
		{D6EEE820-DF22-461F-9891-238AE8484EF1}.Release|Any CPU.Build.0 = Release|Any CPU
		{7FED3761-31F5-45CB-8D11-822621A7AC92}.Debug|Any CPU.ActiveCfg = Debug|Any CPU
		{7FED3761-31F5-45CB-8D11-822621A7AC92}.Debug|Any CPU.Build.0 = Debug|Any CPU
		{7FED3761-31F5-45CB-8D11-822621A7AC92}.Release|Any CPU.ActiveCfg = Release|Any CPU
		{7FED3761-31F5-45CB-8D11-822621A7AC92}.Release|Any CPU.Build.0 = Release|Any CPU
		{90025E45-A209-4641-B6B0-0E3F0A866DC7}.Debug|Any CPU.ActiveCfg = Debug|Any CPU
		{90025E45-A209-4641-B6B0-0E3F0A866DC7}.Debug|Any CPU.Build.0 = Debug|Any CPU
		{90025E45-A209-4641-B6B0-0E3F0A866DC7}.Release|Any CPU.ActiveCfg = Release|Any CPU
		{90025E45-A209-4641-B6B0-0E3F0A866DC7}.Release|Any CPU.Build.0 = Release|Any CPU
	EndGlobalSection
	GlobalSection(SolutionProperties) = preSolution
		HideSolutionNode = FALSE
	EndGlobalSection
	GlobalSection(ExtensibilityGlobals) = postSolution
		SolutionGuid = {A57A5EE2-D334-4406-BCE0-FEE4C8C53AD7}
	EndGlobalSection
EndGlobal
